
Microsoft Visual Studio Solution File, Format Version 12.00
# Visual Studio Version 16
VisualStudioVersion = 16.0.32929.386
MinimumVisualStudioVersion = 10.0.40219.1
Project("{9A19103F-16F7-4668-BE54-9A1E7A4F7556}") = "CrAime", "CrAime.csproj", "{265806AF-5EE7-4FAC-A1D9-34587DD5E668}"
EndProject
Project("{FAE04EC0-301F-11D3-BF4B-00C04F79EFBC}") = "CrAimeWeb", "..\CrAimeWeb\CrAimeWeb.csproj", "{FE37855E-79B4-4DFF-8914-F8F1D4CBB2F3}"
EndProject
Global
	GlobalSection(SolutionConfigurationPlatforms) = preSolution
		Debug|Any CPU = Debug|Any CPU
		Release|Any CPU = Release|Any CPU
	EndGlobalSection
	GlobalSection(ProjectConfigurationPlatforms) = postSolution
		{265806AF-5EE7-4FAC-A1D9-34587DD5E668}.Debug|Any CPU.ActiveCfg = Debug|Any CPU
		{265806AF-5EE7-4FAC-A1D9-34587DD5E668}.Debug|Any CPU.Build.0 = Debug|Any CPU
		{265806AF-5EE7-4FAC-A1D9-34587DD5E668}.Release|Any CPU.ActiveCfg = Release|Any CPU
		{265806AF-5EE7-4FAC-A1D9-34587DD5E668}.Release|Any CPU.Build.0 = Release|Any CPU
		{FE37855E-79B4-4DFF-8914-F8F1D4CBB2F3}.Debug|Any CPU.ActiveCfg = Debug|Any CPU
		{FE37855E-79B4-4DFF-8914-F8F1D4CBB2F3}.Debug|Any CPU.Build.0 = Debug|Any CPU
		{FE37855E-79B4-4DFF-8914-F8F1D4CBB2F3}.Release|Any CPU.ActiveCfg = Release|Any CPU
		{FE37855E-79B4-4DFF-8914-F8F1D4CBB2F3}.Release|Any CPU.Build.0 = Release|Any CPU
	EndGlobalSection
	GlobalSection(SolutionProperties) = preSolution
		HideSolutionNode = FALSE
	EndGlobalSection
	GlobalSection(ExtensibilityGlobals) = postSolution
		SolutionGuid = {81C73DA0-4BB2-498B-A702-BCA7CA7D0075}
	EndGlobalSection
EndGlobal
